
Microsoft Visual Studio Solution File, Format Version 12.00
# Visual Studio Version 16
VisualStudioVersion = 16.0.30523.141
MinimumVisualStudioVersion = 10.0.40219.1
Project("{FAE04EC0-301F-11D3-BF4B-00C04F79EFBC}") = "CheckFiles", "CheckFiles\CheckFiles.csproj", "{30974C0D-65EF-43DE-8D48-FA9DC373FA3C}"
EndProject
Global
	GlobalSection(SolutionConfigurationPlatforms) = preSolution
		Debug|Any CPU = Debug|Any CPU
		Release|Any CPU = Release|Any CPU
	EndGlobalSection
	GlobalSection(ProjectConfigurationPlatforms) = postSolution
		{30974C0D-65EF-43DE-8D48-FA9DC373FA3C}.Debug|Any CPU.ActiveCfg = Debug|Any CPU
		{30974C0D-65EF-43DE-8D48-FA9DC373FA3C}.Debug|Any CPU.Build.0 = Debug|Any CPU
		{30974C0D-65EF-43DE-8D48-FA9DC373FA3C}.Release|Any CPU.ActiveCfg = Release|Any CPU
		{30974C0D-65EF-43DE-8D48-FA9DC373FA3C}.Release|Any CPU.Build.0 = Release|Any CPU
	EndGlobalSection
	GlobalSection(SolutionProperties) = preSolution
		HideSolutionNode = FALSE
	EndGlobalSection
	GlobalSection(ExtensibilityGlobals) = postSolution
		SolutionGuid = {D546E41C-045B-4E16-9563-FEFC39E98E68}
	EndGlobalSection
EndGlobal
